
Microsoft Visual Studio Solution File, Format Version 12.00
# Visual Studio Version 16
VisualStudioVersion = 16.0.31702.278
MinimumVisualStudioVersion = 10.0.40219.1
Project("{8BC9CEB8-8B4A-11D0-8D11-00A0C91BC942}") = "CGL", "CGL\CGL.vcxproj", "{A7BEA44C-9ACF-4238-B4A4-506E6F1C552B}"
EndProject
Global
	GlobalSection(SolutionConfigurationPlatforms) = preSolution
		Debug|x64 = Debug|x64
		Debug|x86 = Debug|x86
		Release|x64 = Release|x64
		Release|x86 = Release|x86
	EndGlobalSection
	GlobalSection(ProjectConfigurationPlatforms) = postSolution
		{A7BEA44C-9ACF-4238-B4A4-506E6F1C552B}.Debug|x64.ActiveCfg = Debug|x64
		{A7BEA44C-9ACF-4238-B4A4-506E6F1C552B}.Debug|x64.Build.0 = Debug|x64
		{A7BEA44C-9ACF-4238-B4A4-506E6F1C552B}.Debug|x86.ActiveCfg = Debug|Win32
		{A7BEA44C-9ACF-4238-B4A4-506E6F1C552B}.Debug|x86.Build.0 = Debug|Win32
		{A7BEA44C-9ACF-4238-B4A4-506E6F1C552B}.Release|x64.ActiveCfg = Release|x64
		{A7BEA44C-9ACF-4238-B4A4-506E6F1C552B}.Release|x64.Build.0 = Release|x64
		{A7BEA44C-9ACF-4238-B4A4-506E6F1C552B}.Release|x86.ActiveCfg = Release|Win32
		{A7BEA44C-9ACF-4238-B4A4-506E6F1C552B}.Release|x86.Build.0 = Release|Win32
	EndGlobalSection
	GlobalSection(SolutionProperties) = preSolution
		HideSolutionNode = FALSE
	EndGlobalSection
	GlobalSection(ExtensibilityGlobals) = postSolution
		SolutionGuid = {C7A15F12-A515-44A2-9000-3E21B9C07171}
	EndGlobalSection
EndGlobal
